
Microsoft Visual Studio Solution File, Format Version 12.00
# Visual Studio Version 17
VisualStudioVersion = 17.0.32112.339
MinimumVisualStudioVersion = 10.0.40219.1
Project("{FAE04EC0-301F-11D3-BF4B-00C04F79EFBC}") = "HuffmanCode", "HuffmanCode\HuffmanCode.csproj", "{7620BD40-11E4-4D0B-8226-0A4684B9E6CD}"
EndProject
Global
	GlobalSection(SolutionConfigurationPlatforms) = preSolution
		Debug|Any CPU = Debug|Any CPU
		Release|Any CPU = Release|Any CPU
	EndGlobalSection
	GlobalSection(ProjectConfigurationPlatforms) = postSolution
		{7620BD40-11E4-4D0B-8226-0A4684B9E6CD}.Debug|Any CPU.ActiveCfg = Debug|Any CPU
		{7620BD40-11E4-4D0B-8226-0A4684B9E6CD}.Debug|Any CPU.Build.0 = Debug|Any CPU
		{7620BD40-11E4-4D0B-8226-0A4684B9E6CD}.Release|Any CPU.ActiveCfg = Release|Any CPU
		{7620BD40-11E4-4D0B-8226-0A4684B9E6CD}.Release|Any CPU.Build.0 = Release|Any CPU
	EndGlobalSection
	GlobalSection(SolutionProperties) = preSolution
		HideSolutionNode = FALSE
	EndGlobalSection
	GlobalSection(ExtensibilityGlobals) = postSolution
		SolutionGuid = {592756E1-CADA-4499-BF18-ECAF0F2C457F}
	EndGlobalSection
EndGlobal
